
Microsoft Visual Studio Solution File, Format Version 12.00
# Visual Studio 15
VisualStudioVersion = 15.0.27703.2047
MinimumVisualStudioVersion = 10.0.40219.1
Project("{9A19103F-16F7-4668-BE54-9A1E7A4F7556}") = "TKBase.Framework.Dapper", "TKBase.Framework.Dapper.csproj", "{C9A89E6B-E1BE-46D9-A7C4-091BE3890F33}"
EndProject
Project("{FAE04EC0-301F-11D3-BF4B-00C04F79EFBC}") = "WebApplication2", "WebApplication2\WebApplication2.csproj", "{076D5F89-2D66-404D-865A-141A6C068E07}"
EndProject
Global
	GlobalSection(SolutionConfigurationPlatforms) = preSolution
		Debug|Any CPU = Debug|Any CPU
		Release|Any CPU = Release|Any CPU
	EndGlobalSection
	GlobalSection(ProjectConfigurationPlatforms) = postSolution
		{C9A89E6B-E1BE-46D9-A7C4-091BE3890F33}.Debug|Any CPU.ActiveCfg = Debug|Any CPU
		{C9A89E6B-E1BE-46D9-A7C4-091BE3890F33}.Debug|Any CPU.Build.0 = Debug|Any CPU
		{C9A89E6B-E1BE-46D9-A7C4-091BE3890F33}.Release|Any CPU.ActiveCfg = Release|Any CPU
		{C9A89E6B-E1BE-46D9-A7C4-091BE3890F33}.Release|Any CPU.Build.0 = Release|Any CPU
		{076D5F89-2D66-404D-865A-141A6C068E07}.Debug|Any CPU.ActiveCfg = Debug|Any CPU
		{076D5F89-2D66-404D-865A-141A6C068E07}.Debug|Any CPU.Build.0 = Debug|Any CPU
		{076D5F89-2D66-404D-865A-141A6C068E07}.Release|Any CPU.ActiveCfg = Release|Any CPU
		{076D5F89-2D66-404D-865A-141A6C068E07}.Release|Any CPU.Build.0 = Release|Any CPU
	EndGlobalSection
	GlobalSection(SolutionProperties) = preSolution
		HideSolutionNode = FALSE
	EndGlobalSection
	GlobalSection(ExtensibilityGlobals) = postSolution
		SolutionGuid = {C0D77BBF-3960-4197-AED0-C295848F6947}
	EndGlobalSection
EndGlobal
